github.com/elecbrandy/freshpink v0.0.0-20250908023314-2623bbb84485 h1:qH9RkBi8bB/2ruj0zrd3/e9S1y7Mrjw+NBwCp8dlhIs=
github.com/elecbrandy/freshpink v0.0.0-20250908023314-2623bbb84485/go.mod h1:YjiCl2fIXdl/NJR+0YRTWVyKdDl0LYMycYzmhApzhFs=
github.com/elecbrandy/freshpink v0.0.0-20250908025704-67546856d5f8 h1:jvQk1JwMf6yuVoRbeNFz3Uc6dB9x4fWblkmvWGblpRg=
github.com/elecbrandy/freshpink v0.0.0-20250908025704-67546856d5f8/go.mod h1:YjiCl2fIXdl/NJR+0YRTWVyKdDl0LYMycYzmhApzhFs=
