github.com/elecbrandy/freshpink v0.0.0-20260125112353-e41f2b7cf363 h1:ZZSLIlxO0TIFR3V5LldTfpAd2c6m4oSC03wzQHHc17k=
github.com/elecbrandy/freshpink v0.0.0-20260125112353-e41f2b7cf363/go.mod h1:YjiCl2fIXdl/NJR+0YRTWVyKdDl0LYMycYzmhApzhFs=
github.com/elecbrandy/freshpink v0.0.0-20260125123153-07eee3e5161f h1:zONZD54k+la9kk7bS1Tm7p7MNJz69ZHEZl6cMfrC3pQ=
github.com/elecbrandy/freshpink v0.0.0-20260125123153-07eee3e5161f/go.mod h1:YjiCl2fIXdl/NJR+0YRTWVyKdDl0LYMycYzmhApzhFs=
